<?xml version="1.0" encoding="utf-8"?>
<Project ToolsVersion="4.0" xmlns="http://schemas.microsoft.com/developer/msbuild/2003">
  <ItemGroup>
    <Filter Include="Source Files">
      <UniqueIdentifier>{4FC737F1-C7A5-4376-A066-2A32D752A2FF}</UniqueIdentifier>
      <Extensions>cpp;c;cc;cxx;c++;cppm;ixx;def;odl;idl;hpj;bat;asm;asmx</Extensions>
    </Filter>
    <Filter Include="Header Files">
      <UniqueIdentifier>{93995380-89BD-4b04-88EB-625FBE52EBFB}</UniqueIdentifier>
      <Extensions>h;hh;hpp;hxx;h++;hm;inl;inc;ipp;xsd</Extensions>
    </Filter>
    <Filter Include="Resource Files">
      <UniqueIdentifier>{67DA6AB6-F800-4c08-8B7A-83BB121AAD01}</UniqueIdentifier>
      <Extensions>rc;ico;cur;bmp;dlg;rc2;rct;bin;rgs;gif;jpg;jpeg;jpe;resx;tiff;tif;png;wav;mfcribbon-ms</Extensions>
    </Filter>
  </ItemGroup>
  <ItemGroup>
    <ClInclude Include="Clue.h">
      <Filter>Header Files</Filter>
    </ClInclude>
    <ClInclude Include="Credit.h">
      <Filter>Header Files</Filter>
    </ClInclude>
    <ClInclude Include="Monstere.h">
      <Filter>Header Files</Filter>
    </ClInclude>
    <ClInclude Include="Object.h">
      <Filter>Header Files</Filter>
    </ClInclude>
    <ClInclude Include="StartMenu.h">
      <Filter>Header Files</Filter>
    </ClInclude>
    <ClInclude Include="Timer.h">
      <Filter>Header Files</Filter>
    </ClInclude>
    <ClInclude Include="Weapon.h">
      <Filter>Header Files</Filter>
    </ClInclude>
    <ClInclude Include="Player.h">
      <Filter>Header Files</Filter>
    </ClInclude>
    <ClInclude Include="TypeWeapon.h">
      <Filter>Header Files</Filter>
    </ClInclude>
    <ClInclude Include="TypeMonstere.h">
      <Filter>Header Files</Filter>
    </ClInclude>
<<<<<<< Updated upstream
    <ClInclude Include="Digide.h">
      <Filter>Header Files</Filter>
    </ClInclude>
    <ClInclude Include="AI.h">
      <Filter>Header Files</Filter>
    </ClInclude>
    <ClInclude Include="CheckPointIA.h">
      <Filter>Header Files</Filter>
    </ClInclude>
    <ClInclude Include="RayCast.h">
      <Filter>Header Files</Filter>
    </ClInclude>
    <ClInclude Include="Watchman.h">
=======
    <ClInclude Include="include\BootMenu.h">
      <Filter>Header Files</Filter>
    </ClInclude>
    <ClInclude Include="include\ChooseCharacter.h">
      <Filter>Header Files</Filter>
    </ClInclude>
    <ClInclude Include="include\Inventory.h">
>>>>>>> Stashed changes
      <Filter>Header Files</Filter>
    </ClInclude>
  </ItemGroup>
  <ItemGroup>
    <ClCompile Include="Clue.c">
      <Filter>Source Files</Filter>
    </ClCompile>
    <ClCompile Include="Credit.c">
      <Filter>Source Files</Filter>
    </ClCompile>
    <ClCompile Include="Monstere.c">
      <Filter>Source Files</Filter>
    </ClCompile>
    <ClCompile Include="Object.c">
      <Filter>Source Files</Filter>
    </ClCompile>
    <ClCompile Include="StartMenu.c">
      <Filter>Source Files</Filter>
    </ClCompile>
    <ClCompile Include="Timer.c">
      <Filter>Source Files</Filter>
    </ClCompile>
    <ClCompile Include="Weapon.c">
      <Filter>Source Files</Filter>
    </ClCompile>
    <ClCompile Include="main.c">
      <Filter>Source Files</Filter>
    </ClCompile>
    <ClCompile Include="Player.c">
      <Filter>Source Files</Filter>
    </ClCompile>
    <ClCompile Include="TypeWeapon.c">
      <Filter>Source Files</Filter>
    </ClCompile>
    <ClCompile Include="TypeMonstere.c">
      <Filter>Source Files</Filter>
    </ClCompile>
<<<<<<< Updated upstream
    <ClCompile Include="Digide.c">
      <Filter>Source Files</Filter>
    </ClCompile>
    <ClCompile Include="AI.c">
      <Filter>Source Files</Filter>
    </ClCompile>
    <ClCompile Include="CheckPointIA.c">
      <Filter>Source Files</Filter>
    </ClCompile>
    <ClCompile Include="RayCast.c">
      <Filter>Source Files</Filter>
    </ClCompile>
    <ClCompile Include="Watchman.c">
=======
    <ClCompile Include="src\ChooseCharacter.c">
      <Filter>Source Files</Filter>
    </ClCompile>
    <ClCompile Include="src\BootMenu.c">
      <Filter>Source Files</Filter>
    </ClCompile>
    <ClCompile Include="src\Inventory.c">
>>>>>>> Stashed changes
      <Filter>Source Files</Filter>
    </ClCompile>
  </ItemGroup>
</Project>